
Microsoft Visual Studio Solution File, Format Version 12.00
# Visual Studio Version 16
VisualStudioVersion = 16.0.29613.14
MinimumVisualStudioVersion = 10.0.40219.1
Project("{8BC9CEB8-8B4A-11D0-8D11-00A0C91BC942}") = "ProtoLib", "ProtoLib\ProtoLib.vcxproj", "{4ED73454-379E-4F97-8257-6BF9CA54FF5B}"
EndProject
Project("{8BC9CEB8-8B4A-11D0-8D11-00A0C91BC942}") = "OpenVINOLib", "OpenVINOLib\OpenVINOLib.vcxproj", "{3D19C95C-214A-4F2A-BC1C-DB2105EBE8BB}"
EndProject
Project("{8BC9CEB8-8B4A-11D0-8D11-00A0C91BC942}") = "FaceBodyDetectTest", "FaceBodyDetectTest\FaceBodyDetectTest.vcxproj", "{5147E7EE-1828-43F7-B69B-215B83C11025}"
	ProjectSection(ProjectDependencies) = postProject
		{2A428035-3236-47E5-AA24-213E7B832DD1} = {2A428035-3236-47E5-AA24-213E7B832DD1}
		{4ED73454-379E-4F97-8257-6BF9CA54FF5B} = {4ED73454-379E-4F97-8257-6BF9CA54FF5B}
		{3D19C95C-214A-4F2A-BC1C-DB2105EBE8BB} = {3D19C95C-214A-4F2A-BC1C-DB2105EBE8BB}
		{433F745F-17B6-4A61-A7D0-7EC6EB2F5D0F} = {433F745F-17B6-4A61-A7D0-7EC6EB2F5D0F}
		{0775C26A-69CF-4A8C-B72A-696FE4304DC0} = {0775C26A-69CF-4A8C-B72A-696FE4304DC0}
		{9F445675-CE0E-485A-809C-602673C02F78} = {9F445675-CE0E-485A-809C-602673C02F78}
		{899B6C9E-CBBE-4222-98DC-29FFF3ADD88C} = {899B6C9E-CBBE-4222-98DC-29FFF3ADD88C}
		{24AB9FBC-42CC-4CE2-A82A-6A45ABEF7CB5} = {24AB9FBC-42CC-4CE2-A82A-6A45ABEF7CB5}
		{FB0892C8-76F8-4AF6-8C48-EA24DC8799E4} = {FB0892C8-76F8-4AF6-8C48-EA24DC8799E4}
		{359CA2D3-D232-4D67-B91B-75DF5088308C} = {359CA2D3-D232-4D67-B91B-75DF5088308C}
		{18CAD8EC-D2A8-4194-9E7A-B9B9717D5FAA} = {18CAD8EC-D2A8-4194-9E7A-B9B9717D5FAA}
		{CA0C98FA-5554-41E4-9709-7290B8C1BE5A} = {CA0C98FA-5554-41E4-9709-7290B8C1BE5A}
	EndProjectSection
EndProject
Project("{8BC9CEB8-8B4A-11D0-8D11-00A0C91BC942}") = "EventsObserversNotifiers", "EventsObserversNotifiers\EventsObserversNotifiers.vcxproj", "{18CAD8EC-D2A8-4194-9E7A-B9B9717D5FAA}"
EndProject
Project("{8BC9CEB8-8B4A-11D0-8D11-00A0C91BC942}") = "MyTest", "MyTest\MyTest.vcxproj", "{24AB9FBC-42CC-4CE2-A82A-6A45ABEF7CB5}"
	ProjectSection(ProjectDependencies) = postProject
		{DA0AB396-75A6-4759-B734-50014DC1BFFE} = {DA0AB396-75A6-4759-B734-50014DC1BFFE}
		{9AFF5DE7-2D10-46AD-8057-37A9A882284B} = {9AFF5DE7-2D10-46AD-8057-37A9A882284B}
	EndProjectSection
EndProject
Project("{8BC9CEB8-8B4A-11D0-8D11-00A0C91BC942}") = "UtilsLib", "UtilsLib\UtilsLib.vcxproj", "{CA0C98FA-5554-41E4-9709-7290B8C1BE5A}"
	ProjectSection(ProjectDependencies) = postProject
		{4ED73454-379E-4F97-8257-6BF9CA54FF5B} = {4ED73454-379E-4F97-8257-6BF9CA54FF5B}
	EndProjectSection
EndProject
Project("{8BC9CEB8-8B4A-11D0-8D11-00A0C91BC942}") = "BodyId", "BodyId\BodyId.vcxproj", "{2A428035-3236-47E5-AA24-213E7B832DD1}"
	ProjectSection(ProjectDependencies) = postProject
		{4ED73454-379E-4F97-8257-6BF9CA54FF5B} = {4ED73454-379E-4F97-8257-6BF9CA54FF5B}
		{3D19C95C-214A-4F2A-BC1C-DB2105EBE8BB} = {3D19C95C-214A-4F2A-BC1C-DB2105EBE8BB}
		{FB0892C8-76F8-4AF6-8C48-EA24DC8799E4} = {FB0892C8-76F8-4AF6-8C48-EA24DC8799E4}
		{CA0C98FA-5554-41E4-9709-7290B8C1BE5A} = {CA0C98FA-5554-41E4-9709-7290B8C1BE5A}
	EndProjectSection
EndProject
Project("{8BC9CEB8-8B4A-11D0-8D11-00A0C91BC942}") = "FusionLib", "FusionLib\FusionLib.vcxproj", "{FB0892C8-76F8-4AF6-8C48-EA24DC8799E4}"
	ProjectSection(ProjectDependencies) = postProject
		{4ED73454-379E-4F97-8257-6BF9CA54FF5B} = {4ED73454-379E-4F97-8257-6BF9CA54FF5B}
		{3D19C95C-214A-4F2A-BC1C-DB2105EBE8BB} = {3D19C95C-214A-4F2A-BC1C-DB2105EBE8BB}
	EndProjectSection
EndProject
Project("{8BC9CEB8-8B4A-11D0-8D11-00A0C91BC942}") = "FaceDetectionLib", "FaceDetectionLib\FaceDetectionLib.vcxproj", "{0775C26A-69CF-4A8C-B72A-696FE4304DC0}"
EndProject
Project("{8BC9CEB8-8B4A-11D0-8D11-00A0C91BC942}") = "FaceIdentificationLib", "FaceIdentificationLib\FaceIdentificationLib.vcxproj", "{9F445675-CE0E-485A-809C-602673C02F78}"
	ProjectSection(ProjectDependencies) = postProject
		{4ED73454-379E-4F97-8257-6BF9CA54FF5B} = {4ED73454-379E-4F97-8257-6BF9CA54FF5B}
		{3D19C95C-214A-4F2A-BC1C-DB2105EBE8BB} = {3D19C95C-214A-4F2A-BC1C-DB2105EBE8BB}
		{0775C26A-69CF-4A8C-B72A-696FE4304DC0} = {0775C26A-69CF-4A8C-B72A-696FE4304DC0}
		{FB0892C8-76F8-4AF6-8C48-EA24DC8799E4} = {FB0892C8-76F8-4AF6-8C48-EA24DC8799E4}
		{CA0C98FA-5554-41E4-9709-7290B8C1BE5A} = {CA0C98FA-5554-41E4-9709-7290B8C1BE5A}
	EndProjectSection
EndProject
Project("{8BC9CEB8-8B4A-11D0-8D11-00A0C91BC942}") = "HumanDetectionLib", "HumanDetectionLib\HumanDetectionLib.vcxproj", "{433F745F-17B6-4A61-A7D0-7EC6EB2F5D0F}"
	ProjectSection(ProjectDependencies) = postProject
		{4ED73454-379E-4F97-8257-6BF9CA54FF5B} = {4ED73454-379E-4F97-8257-6BF9CA54FF5B}
		{3D19C95C-214A-4F2A-BC1C-DB2105EBE8BB} = {3D19C95C-214A-4F2A-BC1C-DB2105EBE8BB}
		{CA0C98FA-5554-41E4-9709-7290B8C1BE5A} = {CA0C98FA-5554-41E4-9709-7290B8C1BE5A}
	EndProjectSection
EndProject
Project("{8BC9CEB8-8B4A-11D0-8D11-00A0C91BC942}") = "HumanTrackLib", "HumanTrackLib\HumanTrackLib.vcxproj", "{359CA2D3-D232-4D67-B91B-75DF5088308C}"
	ProjectSection(ProjectDependencies) = postProject
		{4ED73454-379E-4F97-8257-6BF9CA54FF5B} = {4ED73454-379E-4F97-8257-6BF9CA54FF5B}
		{433F745F-17B6-4A61-A7D0-7EC6EB2F5D0F} = {433F745F-17B6-4A61-A7D0-7EC6EB2F5D0F}
		{CA0C98FA-5554-41E4-9709-7290B8C1BE5A} = {CA0C98FA-5554-41E4-9709-7290B8C1BE5A}
	EndProjectSection
EndProject
Project("{8BC9CEB8-8B4A-11D0-8D11-00A0C91BC942}") = "PersonIdentificationLib", "PersonIdentificationLib\PersonIdentificationLib.vcxproj", "{899B6C9E-CBBE-4222-98DC-29FFF3ADD88C}"
	ProjectSection(ProjectDependencies) = postProject
		{4ED73454-379E-4F97-8257-6BF9CA54FF5B} = {4ED73454-379E-4F97-8257-6BF9CA54FF5B}
		{3D19C95C-214A-4F2A-BC1C-DB2105EBE8BB} = {3D19C95C-214A-4F2A-BC1C-DB2105EBE8BB}
		{433F745F-17B6-4A61-A7D0-7EC6EB2F5D0F} = {433F745F-17B6-4A61-A7D0-7EC6EB2F5D0F}
		{0775C26A-69CF-4A8C-B72A-696FE4304DC0} = {0775C26A-69CF-4A8C-B72A-696FE4304DC0}
		{9F445675-CE0E-485A-809C-602673C02F78} = {9F445675-CE0E-485A-809C-602673C02F78}
		{FB0892C8-76F8-4AF6-8C48-EA24DC8799E4} = {FB0892C8-76F8-4AF6-8C48-EA24DC8799E4}
		{359CA2D3-D232-4D67-B91B-75DF5088308C} = {359CA2D3-D232-4D67-B91B-75DF5088308C}
	EndProjectSection
EndProject
Project("{8BC9CEB8-8B4A-11D0-8D11-00A0C91BC942}") = "ConcreteCommandsLib", "ConcreteCommandsLib\ConcreteCommandsLib.vcxproj", "{7B46CC19-2AFE-4952-91E9-BC8F625710FB}"
	ProjectSection(ProjectDependencies) = postProject
		{635C5259-7CF1-4C61-A619-EAEA450B2BB6} = {635C5259-7CF1-4C61-A619-EAEA450B2BB6}
	EndProjectSection
EndProject
Project("{8BC9CEB8-8B4A-11D0-8D11-00A0C91BC942}") = "CommandManagerLib", "CommandManagerLib\CommandManagerLib.vcxproj", "{9AFF5DE7-2D10-46AD-8057-37A9A882284B}"
	ProjectSection(ProjectDependencies) = postProject
		{7B46CC19-2AFE-4952-91E9-BC8F625710FB} = {7B46CC19-2AFE-4952-91E9-BC8F625710FB}
	EndProjectSection
EndProject
Project("{8BC9CEB8-8B4A-11D0-8D11-00A0C91BC942}") = "MyTest2", "MyTest2\MyTest2.vcxproj", "{BB5AF866-0580-4C12-BD87-9A6C1987AC58}"
EndProject
Project("{8BC9CEB8-8B4A-11D0-8D11-00A0C91BC942}") = "CommandExecutors", "CommandExecutors\CommandExecutors.vcxproj", "{DA0AB396-75A6-4759-B734-50014DC1BFFE}"
	ProjectSection(ProjectDependencies) = postProject
		{2A428035-3236-47E5-AA24-213E7B832DD1} = {2A428035-3236-47E5-AA24-213E7B832DD1}
		{4ED73454-379E-4F97-8257-6BF9CA54FF5B} = {4ED73454-379E-4F97-8257-6BF9CA54FF5B}
		{433F745F-17B6-4A61-A7D0-7EC6EB2F5D0F} = {433F745F-17B6-4A61-A7D0-7EC6EB2F5D0F}
		{0775C26A-69CF-4A8C-B72A-696FE4304DC0} = {0775C26A-69CF-4A8C-B72A-696FE4304DC0}
		{9F445675-CE0E-485A-809C-602673C02F78} = {9F445675-CE0E-485A-809C-602673C02F78}
		{899B6C9E-CBBE-4222-98DC-29FFF3ADD88C} = {899B6C9E-CBBE-4222-98DC-29FFF3ADD88C}
		{9AFF5DE7-2D10-46AD-8057-37A9A882284B} = {9AFF5DE7-2D10-46AD-8057-37A9A882284B}
		{18CAD8EC-D2A8-4194-9E7A-B9B9717D5FAA} = {18CAD8EC-D2A8-4194-9E7A-B9B9717D5FAA}
		{CA0C98FA-5554-41E4-9709-7290B8C1BE5A} = {CA0C98FA-5554-41E4-9709-7290B8C1BE5A}
	EndProjectSection
EndProject
Project("{8BC9CEB8-8B4A-11D0-8D11-00A0C91BC942}") = "ManagedCommandsWrapper", "ManagedCommandsWrapper\ManagedCommandsWrapper.vcxproj", "{574D1EC4-7867-4194-BE6A-659C18D35508}"
EndProject
Project("{8BC9CEB8-8B4A-11D0-8D11-00A0C91BC942}") = "CommandsBase", "CommandsBase\CommandsBase.vcxproj", "{635C5259-7CF1-4C61-A619-EAEA450B2BB6}"
EndProject
Project("{FAE04EC0-301F-11D3-BF4B-00C04F79EFBC}") = "HumanDetectionAndTracking", "HumanDetectionAndTracking\HumanDetectionAndTracking.csproj", "{0ABE4E46-DAFE-4965-A957-DD272221FB2D}"
EndProject
Project("{8BC9CEB8-8B4A-11D0-8D11-00A0C91BC942}") = "AdaptivePersonIdentification", "AdaptivePersonIdentification\AdaptivePersonIdentification.vcxproj", "{BAD66D17-5906-3241-8A6D-2BA7E2266BDC}"
	ProjectSection(ProjectDependencies) = postProject
		{DA0AB396-75A6-4759-B734-50014DC1BFFE} = {DA0AB396-75A6-4759-B734-50014DC1BFFE}
	EndProjectSection
EndProject
Global
	GlobalSection(SolutionConfigurationPlatforms) = preSolution
		Debug|Any CPU = Debug|Any CPU
		Debug|x64 = Debug|x64
		Debug|x86 = Debug|x86
		Release|Any CPU = Release|Any CPU
		Release|x64 = Release|x64
		Release|x86 = Release|x86
	EndGlobalSection
	GlobalSection(ProjectConfigurationPlatforms) = postSolution
		{4ED73454-379E-4F97-8257-6BF9CA54FF5B}.Debug|Any CPU.ActiveCfg = Debug|Win32
		{4ED73454-379E-4F97-8257-6BF9CA54FF5B}.Debug|x64.ActiveCfg = Debug|x64
		{4ED73454-379E-4F97-8257-6BF9CA54FF5B}.Debug|x64.Build.0 = Debug|x64
		{4ED73454-379E-4F97-8257-6BF9CA54FF5B}.Debug|x86.ActiveCfg = Debug|Win32
		{4ED73454-379E-4F97-8257-6BF9CA54FF5B}.Debug|x86.Build.0 = Debug|Win32
		{4ED73454-379E-4F97-8257-6BF9CA54FF5B}.Release|Any CPU.ActiveCfg = Release|Win32
		{4ED73454-379E-4F97-8257-6BF9CA54FF5B}.Release|x64.ActiveCfg = Release|x64
		{4ED73454-379E-4F97-8257-6BF9CA54FF5B}.Release|x64.Build.0 = Release|x64
		{4ED73454-379E-4F97-8257-6BF9CA54FF5B}.Release|x86.ActiveCfg = Release|Win32
		{4ED73454-379E-4F97-8257-6BF9CA54FF5B}.Release|x86.Build.0 = Release|Win32
		{3D19C95C-214A-4F2A-BC1C-DB2105EBE8BB}.Debug|Any CPU.ActiveCfg = Debug|Win32
		{3D19C95C-214A-4F2A-BC1C-DB2105EBE8BB}.Debug|x64.ActiveCfg = Debug|x64
		{3D19C95C-214A-4F2A-BC1C-DB2105EBE8BB}.Debug|x64.Build.0 = Debug|x64
		{3D19C95C-214A-4F2A-BC1C-DB2105EBE8BB}.Debug|x86.ActiveCfg = Debug|Win32
		{3D19C95C-214A-4F2A-BC1C-DB2105EBE8BB}.Debug|x86.Build.0 = Debug|Win32
		{3D19C95C-214A-4F2A-BC1C-DB2105EBE8BB}.Release|Any CPU.ActiveCfg = Release|Win32
		{3D19C95C-214A-4F2A-BC1C-DB2105EBE8BB}.Release|x64.ActiveCfg = Release|x64
		{3D19C95C-214A-4F2A-BC1C-DB2105EBE8BB}.Release|x64.Build.0 = Release|x64
		{3D19C95C-214A-4F2A-BC1C-DB2105EBE8BB}.Release|x86.ActiveCfg = Release|Win32
		{3D19C95C-214A-4F2A-BC1C-DB2105EBE8BB}.Release|x86.Build.0 = Release|Win32
		{5147E7EE-1828-43F7-B69B-215B83C11025}.Debug|Any CPU.ActiveCfg = Debug|Win32
		{5147E7EE-1828-43F7-B69B-215B83C11025}.Debug|x64.ActiveCfg = Debug|x64
		{5147E7EE-1828-43F7-B69B-215B83C11025}.Debug|x64.Build.0 = Debug|x64
		{5147E7EE-1828-43F7-B69B-215B83C11025}.Debug|x86.ActiveCfg = Debug|Win32
		{5147E7EE-1828-43F7-B69B-215B83C11025}.Debug|x86.Build.0 = Debug|Win32
		{5147E7EE-1828-43F7-B69B-215B83C11025}.Release|Any CPU.ActiveCfg = Release|Win32
		{5147E7EE-1828-43F7-B69B-215B83C11025}.Release|x64.ActiveCfg = Release|x64
		{5147E7EE-1828-43F7-B69B-215B83C11025}.Release|x64.Build.0 = Release|x64
		{5147E7EE-1828-43F7-B69B-215B83C11025}.Release|x86.ActiveCfg = Release|Win32
		{5147E7EE-1828-43F7-B69B-215B83C11025}.Release|x86.Build.0 = Release|Win32
		{18CAD8EC-D2A8-4194-9E7A-B9B9717D5FAA}.Debug|Any CPU.ActiveCfg = Debug|Win32
		{18CAD8EC-D2A8-4194-9E7A-B9B9717D5FAA}.Debug|x64.ActiveCfg = Debug|x64
		{18CAD8EC-D2A8-4194-9E7A-B9B9717D5FAA}.Debug|x64.Build.0 = Debug|x64
		{18CAD8EC-D2A8-4194-9E7A-B9B9717D5FAA}.Debug|x86.ActiveCfg = Debug|Win32
		{18CAD8EC-D2A8-4194-9E7A-B9B9717D5FAA}.Debug|x86.Build.0 = Debug|Win32
		{18CAD8EC-D2A8-4194-9E7A-B9B9717D5FAA}.Release|Any CPU.ActiveCfg = Release|Win32
		{18CAD8EC-D2A8-4194-9E7A-B9B9717D5FAA}.Release|x64.ActiveCfg = Release|x64
		{18CAD8EC-D2A8-4194-9E7A-B9B9717D5FAA}.Release|x64.Build.0 = Release|x64
		{18CAD8EC-D2A8-4194-9E7A-B9B9717D5FAA}.Release|x86.ActiveCfg = Release|Win32
		{18CAD8EC-D2A8-4194-9E7A-B9B9717D5FAA}.Release|x86.Build.0 = Release|Win32
		{24AB9FBC-42CC-4CE2-A82A-6A45ABEF7CB5}.Debug|Any CPU.ActiveCfg = Debug|Win32
		{24AB9FBC-42CC-4CE2-A82A-6A45ABEF7CB5}.Debug|x64.ActiveCfg = Debug|x64
		{24AB9FBC-42CC-4CE2-A82A-6A45ABEF7CB5}.Debug|x64.Build.0 = Debug|x64
		{24AB9FBC-42CC-4CE2-A82A-6A45ABEF7CB5}.Debug|x86.ActiveCfg = Debug|Win32
		{24AB9FBC-42CC-4CE2-A82A-6A45ABEF7CB5}.Debug|x86.Build.0 = Debug|Win32
		{24AB9FBC-42CC-4CE2-A82A-6A45ABEF7CB5}.Release|Any CPU.ActiveCfg = Release|Win32
		{24AB9FBC-42CC-4CE2-A82A-6A45ABEF7CB5}.Release|x64.ActiveCfg = Release|x64
		{24AB9FBC-42CC-4CE2-A82A-6A45ABEF7CB5}.Release|x64.Build.0 = Release|x64
		{24AB9FBC-42CC-4CE2-A82A-6A45ABEF7CB5}.Release|x86.ActiveCfg = Release|Win32
		{24AB9FBC-42CC-4CE2-A82A-6A45ABEF7CB5}.Release|x86.Build.0 = Release|Win32
		{CA0C98FA-5554-41E4-9709-7290B8C1BE5A}.Debug|Any CPU.ActiveCfg = Debug|Win32
		{CA0C98FA-5554-41E4-9709-7290B8C1BE5A}.Debug|x64.ActiveCfg = Debug|x64
		{CA0C98FA-5554-41E4-9709-7290B8C1BE5A}.Debug|x64.Build.0 = Debug|x64
		{CA0C98FA-5554-41E4-9709-7290B8C1BE5A}.Debug|x86.ActiveCfg = Debug|Win32
		{CA0C98FA-5554-41E4-9709-7290B8C1BE5A}.Debug|x86.Build.0 = Debug|Win32
		{CA0C98FA-5554-41E4-9709-7290B8C1BE5A}.Release|Any CPU.ActiveCfg = Release|Win32
		{CA0C98FA-5554-41E4-9709-7290B8C1BE5A}.Release|x64.ActiveCfg = Release|x64
		{CA0C98FA-5554-41E4-9709-7290B8C1BE5A}.Release|x64.Build.0 = Release|x64
		{CA0C98FA-5554-41E4-9709-7290B8C1BE5A}.Release|x86.ActiveCfg = Release|Win32
		{CA0C98FA-5554-41E4-9709-7290B8C1BE5A}.Release|x86.Build.0 = Release|Win32
		{2A428035-3236-47E5-AA24-213E7B832DD1}.Debug|Any CPU.ActiveCfg = Debug|Win32
		{2A428035-3236-47E5-AA24-213E7B832DD1}.Debug|x64.ActiveCfg = Debug|x64
		{2A428035-3236-47E5-AA24-213E7B832DD1}.Debug|x64.Build.0 = Debug|x64
		{2A428035-3236-47E5-AA24-213E7B832DD1}.Debug|x86.ActiveCfg = Debug|Win32
		{2A428035-3236-47E5-AA24-213E7B832DD1}.Debug|x86.Build.0 = Debug|Win32
		{2A428035-3236-47E5-AA24-213E7B832DD1}.Release|Any CPU.ActiveCfg = Release|Win32
		{2A428035-3236-47E5-AA24-213E7B832DD1}.Release|x64.ActiveCfg = Release|x64
		{2A428035-3236-47E5-AA24-213E7B832DD1}.Release|x64.Build.0 = Release|x64
		{2A428035-3236-47E5-AA24-213E7B832DD1}.Release|x86.ActiveCfg = Release|Win32
		{2A428035-3236-47E5-AA24-213E7B832DD1}.Release|x86.Build.0 = Release|Win32
		{FB0892C8-76F8-4AF6-8C48-EA24DC8799E4}.Debug|Any CPU.ActiveCfg = Debug|Win32
		{FB0892C8-76F8-4AF6-8C48-EA24DC8799E4}.Debug|x64.ActiveCfg = Debug|x64
		{FB0892C8-76F8-4AF6-8C48-EA24DC8799E4}.Debug|x64.Build.0 = Debug|x64
		{FB0892C8-76F8-4AF6-8C48-EA24DC8799E4}.Debug|x86.ActiveCfg = Debug|Win32
		{FB0892C8-76F8-4AF6-8C48-EA24DC8799E4}.Debug|x86.Build.0 = Debug|Win32
		{FB0892C8-76F8-4AF6-8C48-EA24DC8799E4}.Release|Any CPU.ActiveCfg = Release|Win32
		{FB0892C8-76F8-4AF6-8C48-EA24DC8799E4}.Release|x64.ActiveCfg = Release|x64
		{FB0892C8-76F8-4AF6-8C48-EA24DC8799E4}.Release|x64.Build.0 = Release|x64
		{FB0892C8-76F8-4AF6-8C48-EA24DC8799E4}.Release|x86.ActiveCfg = Release|Win32
		{FB0892C8-76F8-4AF6-8C48-EA24DC8799E4}.Release|x86.Build.0 = Release|Win32
		{0775C26A-69CF-4A8C-B72A-696FE4304DC0}.Debug|Any CPU.ActiveCfg = Debug|Win32
		{0775C26A-69CF-4A8C-B72A-696FE4304DC0}.Debug|x64.ActiveCfg = Debug|x64
		{0775C26A-69CF-4A8C-B72A-696FE4304DC0}.Debug|x64.Build.0 = Debug|x64
		{0775C26A-69CF-4A8C-B72A-696FE4304DC0}.Debug|x86.ActiveCfg = Debug|Win32
		{0775C26A-69CF-4A8C-B72A-696FE4304DC0}.Debug|x86.Build.0 = Debug|Win32
		{0775C26A-69CF-4A8C-B72A-696FE4304DC0}.Release|Any CPU.ActiveCfg = Release|Win32
		{0775C26A-69CF-4A8C-B72A-696FE4304DC0}.Release|x64.ActiveCfg = Release|x64
		{0775C26A-69CF-4A8C-B72A-696FE4304DC0}.Release|x64.Build.0 = Release|x64
		{0775C26A-69CF-4A8C-B72A-696FE4304DC0}.Release|x86.ActiveCfg = Release|Win32
		{0775C26A-69CF-4A8C-B72A-696FE4304DC0}.Release|x86.Build.0 = Release|Win32
		{9F445675-CE0E-485A-809C-602673C02F78}.Debug|Any CPU.ActiveCfg = Debug|Win32
		{9F445675-CE0E-485A-809C-602673C02F78}.Debug|x64.ActiveCfg = Debug|x64
		{9F445675-CE0E-485A-809C-602673C02F78}.Debug|x64.Build.0 = Debug|x64
		{9F445675-CE0E-485A-809C-602673C02F78}.Debug|x86.ActiveCfg = Debug|Win32
		{9F445675-CE0E-485A-809C-602673C02F78}.Debug|x86.Build.0 = Debug|Win32
		{9F445675-CE0E-485A-809C-602673C02F78}.Release|Any CPU.ActiveCfg = Release|Win32
		{9F445675-CE0E-485A-809C-602673C02F78}.Release|x64.ActiveCfg = Release|x64
		{9F445675-CE0E-485A-809C-602673C02F78}.Release|x64.Build.0 = Release|x64
		{9F445675-CE0E-485A-809C-602673C02F78}.Release|x86.ActiveCfg = Release|Win32
		{9F445675-CE0E-485A-809C-602673C02F78}.Release|x86.Build.0 = Release|Win32
		{433F745F-17B6-4A61-A7D0-7EC6EB2F5D0F}.Debug|Any CPU.ActiveCfg = Debug|Win32
		{433F745F-17B6-4A61-A7D0-7EC6EB2F5D0F}.Debug|x64.ActiveCfg = Debug|x64
		{433F745F-17B6-4A61-A7D0-7EC6EB2F5D0F}.Debug|x64.Build.0 = Debug|x64
		{433F745F-17B6-4A61-A7D0-7EC6EB2F5D0F}.Debug|x86.ActiveCfg = Debug|Win32
		{433F745F-17B6-4A61-A7D0-7EC6EB2F5D0F}.Debug|x86.Build.0 = Debug|Win32
		{433F745F-17B6-4A61-A7D0-7EC6EB2F5D0F}.Release|Any CPU.ActiveCfg = Release|Win32
		{433F745F-17B6-4A61-A7D0-7EC6EB2F5D0F}.Release|x64.ActiveCfg = Release|x64
		{433F745F-17B6-4A61-A7D0-7EC6EB2F5D0F}.Release|x64.Build.0 = Release|x64
		{433F745F-17B6-4A61-A7D0-7EC6EB2F5D0F}.Release|x86.ActiveCfg = Release|Win32
		{433F745F-17B6-4A61-A7D0-7EC6EB2F5D0F}.Release|x86.Build.0 = Release|Win32
		{359CA2D3-D232-4D67-B91B-75DF5088308C}.Debug|Any CPU.ActiveCfg = Debug|Win32
		{359CA2D3-D232-4D67-B91B-75DF5088308C}.Debug|x64.ActiveCfg = Debug|x64
		{359CA2D3-D232-4D67-B91B-75DF5088308C}.Debug|x64.Build.0 = Debug|x64
		{359CA2D3-D232-4D67-B91B-75DF5088308C}.Debug|x86.ActiveCfg = Debug|Win32
		{359CA2D3-D232-4D67-B91B-75DF5088308C}.Debug|x86.Build.0 = Debug|Win32
		{359CA2D3-D232-4D67-B91B-75DF5088308C}.Release|Any CPU.ActiveCfg = Release|Win32
		{359CA2D3-D232-4D67-B91B-75DF5088308C}.Release|x64.ActiveCfg = Release|x64
		{359CA2D3-D232-4D67-B91B-75DF5088308C}.Release|x64.Build.0 = Release|x64
		{359CA2D3-D232-4D67-B91B-75DF5088308C}.Release|x86.ActiveCfg = Release|Win32
		{359CA2D3-D232-4D67-B91B-75DF5088308C}.Release|x86.Build.0 = Release|Win32
		{899B6C9E-CBBE-4222-98DC-29FFF3ADD88C}.Debug|Any CPU.ActiveCfg = Debug|Win32
		{899B6C9E-CBBE-4222-98DC-29FFF3ADD88C}.Debug|x64.ActiveCfg = Debug|x64
		{899B6C9E-CBBE-4222-98DC-29FFF3ADD88C}.Debug|x64.Build.0 = Debug|x64
		{899B6C9E-CBBE-4222-98DC-29FFF3ADD88C}.Debug|x86.ActiveCfg = Debug|Win32
		{899B6C9E-CBBE-4222-98DC-29FFF3ADD88C}.Debug|x86.Build.0 = Debug|Win32
		{899B6C9E-CBBE-4222-98DC-29FFF3ADD88C}.Release|Any CPU.ActiveCfg = Release|Win32
		{899B6C9E-CBBE-4222-98DC-29FFF3ADD88C}.Release|x64.ActiveCfg = Release|x64
		{899B6C9E-CBBE-4222-98DC-29FFF3ADD88C}.Release|x64.Build.0 = Release|x64
		{899B6C9E-CBBE-4222-98DC-29FFF3ADD88C}.Release|x86.ActiveCfg = Release|Win32
		{899B6C9E-CBBE-4222-98DC-29FFF3ADD88C}.Release|x86.Build.0 = Release|Win32
		{7B46CC19-2AFE-4952-91E9-BC8F625710FB}.Debug|Any CPU.ActiveCfg = Debug|Win32
		{7B46CC19-2AFE-4952-91E9-BC8F625710FB}.Debug|x64.ActiveCfg = Debug|x64
		{7B46CC19-2AFE-4952-91E9-BC8F625710FB}.Debug|x64.Build.0 = Debug|x64
		{7B46CC19-2AFE-4952-91E9-BC8F625710FB}.Debug|x86.ActiveCfg = Debug|Win32
		{7B46CC19-2AFE-4952-91E9-BC8F625710FB}.Debug|x86.Build.0 = Debug|Win32
		{7B46CC19-2AFE-4952-91E9-BC8F625710FB}.Release|Any CPU.ActiveCfg = Release|Win32
		{7B46CC19-2AFE-4952-91E9-BC8F625710FB}.Release|x64.ActiveCfg = Release|x64
		{7B46CC19-2AFE-4952-91E9-BC8F625710FB}.Release|x64.Build.0 = Release|x64
		{7B46CC19-2AFE-4952-91E9-BC8F625710FB}.Release|x86.ActiveCfg = Release|Win32
		{7B46CC19-2AFE-4952-91E9-BC8F625710FB}.Release|x86.Build.0 = Release|Win32
		{9AFF5DE7-2D10-46AD-8057-37A9A882284B}.Debug|Any CPU.ActiveCfg = Debug|Win32
		{9AFF5DE7-2D10-46AD-8057-37A9A882284B}.Debug|x64.ActiveCfg = Debug|x64
		{9AFF5DE7-2D10-46AD-8057-37A9A882284B}.Debug|x64.Build.0 = Debug|x64
		{9AFF5DE7-2D10-46AD-8057-37A9A882284B}.Debug|x86.ActiveCfg = Debug|Win32
		{9AFF5DE7-2D10-46AD-8057-37A9A882284B}.Debug|x86.Build.0 = Debug|Win32
		{9AFF5DE7-2D10-46AD-8057-37A9A882284B}.Release|Any CPU.ActiveCfg = Release|Win32
		{9AFF5DE7-2D10-46AD-8057-37A9A882284B}.Release|x64.ActiveCfg = Release|x64
		{9AFF5DE7-2D10-46AD-8057-37A9A882284B}.Release|x64.Build.0 = Release|x64
		{9AFF5DE7-2D10-46AD-8057-37A9A882284B}.Release|x86.ActiveCfg = Release|Win32
		{9AFF5DE7-2D10-46AD-8057-37A9A882284B}.Release|x86.Build.0 = Release|Win32
		{BB5AF866-0580-4C12-BD87-9A6C1987AC58}.Debug|Any CPU.ActiveCfg = Debug|Win32
		{BB5AF866-0580-4C12-BD87-9A6C1987AC58}.Debug|x64.ActiveCfg = Debug|x64
		{BB5AF866-0580-4C12-BD87-9A6C1987AC58}.Debug|x64.Build.0 = Debug|x64
		{BB5AF866-0580-4C12-BD87-9A6C1987AC58}.Debug|x86.ActiveCfg = Debug|Win32
		{BB5AF866-0580-4C12-BD87-9A6C1987AC58}.Debug|x86.Build.0 = Debug|Win32
		{BB5AF866-0580-4C12-BD87-9A6C1987AC58}.Release|Any CPU.ActiveCfg = Release|Win32
		{BB5AF866-0580-4C12-BD87-9A6C1987AC58}.Release|x64.ActiveCfg = Release|x64
		{BB5AF866-0580-4C12-BD87-9A6C1987AC58}.Release|x64.Build.0 = Release|x64
		{BB5AF866-0580-4C12-BD87-9A6C1987AC58}.Release|x86.ActiveCfg = Release|Win32
		{BB5AF866-0580-4C12-BD87-9A6C1987AC58}.Release|x86.Build.0 = Release|Win32
		{DA0AB396-75A6-4759-B734-50014DC1BFFE}.Debug|Any CPU.ActiveCfg = Debug|Win32
		{DA0AB396-75A6-4759-B734-50014DC1BFFE}.Debug|x64.ActiveCfg = Debug|x64
		{DA0AB396-75A6-4759-B734-50014DC1BFFE}.Debug|x64.Build.0 = Debug|x64
		{DA0AB396-75A6-4759-B734-50014DC1BFFE}.Debug|x86.ActiveCfg = Debug|Win32
		{DA0AB396-75A6-4759-B734-50014DC1BFFE}.Debug|x86.Build.0 = Debug|Win32
		{DA0AB396-75A6-4759-B734-50014DC1BFFE}.Release|Any CPU.ActiveCfg = Release|Win32
		{DA0AB396-75A6-4759-B734-50014DC1BFFE}.Release|x64.ActiveCfg = Release|x64
		{DA0AB396-75A6-4759-B734-50014DC1BFFE}.Release|x64.Build.0 = Release|x64
		{DA0AB396-75A6-4759-B734-50014DC1BFFE}.Release|x86.ActiveCfg = Release|Win32
		{DA0AB396-75A6-4759-B734-50014DC1BFFE}.Release|x86.Build.0 = Release|Win32
		{574D1EC4-7867-4194-BE6A-659C18D35508}.Debug|Any CPU.ActiveCfg = Debug|Win32
		{574D1EC4-7867-4194-BE6A-659C18D35508}.Debug|x64.ActiveCfg = Debug|x64
		{574D1EC4-7867-4194-BE6A-659C18D35508}.Debug|x64.Build.0 = Debug|x64
		{574D1EC4-7867-4194-BE6A-659C18D35508}.Debug|x86.ActiveCfg = Debug|Win32
		{574D1EC4-7867-4194-BE6A-659C18D35508}.Debug|x86.Build.0 = Debug|Win32
		{574D1EC4-7867-4194-BE6A-659C18D35508}.Release|Any CPU.ActiveCfg = Release|Win32
		{574D1EC4-7867-4194-BE6A-659C18D35508}.Release|x64.ActiveCfg = Release|x64
		{574D1EC4-7867-4194-BE6A-659C18D35508}.Release|x64.Build.0 = Release|x64
		{574D1EC4-7867-4194-BE6A-659C18D35508}.Release|x86.ActiveCfg = Release|Win32
		{574D1EC4-7867-4194-BE6A-659C18D35508}.Release|x86.Build.0 = Release|Win32
		{635C5259-7CF1-4C61-A619-EAEA450B2BB6}.Debug|Any CPU.ActiveCfg = Debug|Win32
		{635C5259-7CF1-4C61-A619-EAEA450B2BB6}.Debug|x64.ActiveCfg = Debug|x64
		{635C5259-7CF1-4C61-A619-EAEA450B2BB6}.Debug|x64.Build.0 = Debug|x64
		{635C5259-7CF1-4C61-A619-EAEA450B2BB6}.Debug|x86.ActiveCfg = Debug|Win32
		{635C5259-7CF1-4C61-A619-EAEA450B2BB6}.Debug|x86.Build.0 = Debug|Win32
		{635C5259-7CF1-4C61-A619-EAEA450B2BB6}.Release|Any CPU.ActiveCfg = Release|Win32
		{635C5259-7CF1-4C61-A619-EAEA450B2BB6}.Release|x64.ActiveCfg = Release|x64
		{635C5259-7CF1-4C61-A619-EAEA450B2BB6}.Release|x64.Build.0 = Release|x64
		{635C5259-7CF1-4C61-A619-EAEA450B2BB6}.Release|x86.ActiveCfg = Release|Win32
		{635C5259-7CF1-4C61-A619-EAEA450B2BB6}.Release|x86.Build.0 = Release|Win32
		{0ABE4E46-DAFE-4965-A957-DD272221FB2D}.Debug|Any CPU.ActiveCfg = Debug|Any CPU
		{0ABE4E46-DAFE-4965-A957-DD272221FB2D}.Debug|Any CPU.Build.0 = Debug|Any CPU
		{0ABE4E46-DAFE-4965-A957-DD272221FB2D}.Debug|x64.ActiveCfg = Debug|Any CPU
		{0ABE4E46-DAFE-4965-A957-DD272221FB2D}.Debug|x64.Build.0 = Debug|Any CPU
		{0ABE4E46-DAFE-4965-A957-DD272221FB2D}.Debug|x86.ActiveCfg = Debug|Any CPU
		{0ABE4E46-DAFE-4965-A957-DD272221FB2D}.Debug|x86.Build.0 = Debug|Any CPU
		{0ABE4E46-DAFE-4965-A957-DD272221FB2D}.Release|Any CPU.ActiveCfg = Release|Any CPU
		{0ABE4E46-DAFE-4965-A957-DD272221FB2D}.Release|Any CPU.Build.0 = Release|Any CPU
		{0ABE4E46-DAFE-4965-A957-DD272221FB2D}.Release|x64.ActiveCfg = Release|Any CPU
		{0ABE4E46-DAFE-4965-A957-DD272221FB2D}.Release|x64.Build.0 = Release|Any CPU
		{0ABE4E46-DAFE-4965-A957-DD272221FB2D}.Release|x86.ActiveCfg = Release|Any CPU
		{0ABE4E46-DAFE-4965-A957-DD272221FB2D}.Release|x86.Build.0 = Release|Any CPU
		{BAD66D17-5906-3241-8A6D-2BA7E2266BDC}.Debug|Any CPU.ActiveCfg = Debug|Win32
		{BAD66D17-5906-3241-8A6D-2BA7E2266BDC}.Debug|x64.ActiveCfg = Debug|x64
		{BAD66D17-5906-3241-8A6D-2BA7E2266BDC}.Debug|x64.Build.0 = Debug|x64
		{BAD66D17-5906-3241-8A6D-2BA7E2266BDC}.Debug|x86.ActiveCfg = Debug|Win32
		{BAD66D17-5906-3241-8A6D-2BA7E2266BDC}.Debug|x86.Build.0 = Debug|Win32
		{BAD66D17-5906-3241-8A6D-2BA7E2266BDC}.Release|Any CPU.ActiveCfg = Release|Win32
		{BAD66D17-5906-3241-8A6D-2BA7E2266BDC}.Release|x64.ActiveCfg = Release|x64
		{BAD66D17-5906-3241-8A6D-2BA7E2266BDC}.Release|x64.Build.0 = Release|x64
		{BAD66D17-5906-3241-8A6D-2BA7E2266BDC}.Release|x86.ActiveCfg = Release|Win32
		{BAD66D17-5906-3241-8A6D-2BA7E2266BDC}.Release|x86.Build.0 = Release|Win32
	EndGlobalSection
	GlobalSection(SolutionProperties) = preSolution
		HideSolutionNode = FALSE
	EndGlobalSection
	GlobalSection(ExtensibilityGlobals) = postSolution
		SolutionGuid = {D59458EE-DDEB-4BE5-8059-260FB5344842}
	EndGlobalSection
EndGlobal
